
Microsoft Visual Studio Solution File, Format Version 12.00
# Visual Studio Version 17
VisualStudioVersion = 17.12.35707.178 d17.12
MinimumVisualStudioVersion = 10.0.40219.1
Project("{FAE04EC0-301F-11D3-BF4B-00C04F79EFBC}") = "OrderApi.Domain", "OrderApi.Domain\OrderApi.Domain.csproj", "{26ED683D-B892-437F-93AB-C3D7D71D9388}"
EndProject
Project("{FAE04EC0-301F-11D3-BF4B-00C04F79EFBC}") = "OrderApi.Application", "OrderApi.Application\OrderApi.Application.csproj", "{EFBBC1F3-C066-4AB1-A8AF-8BEA0659A2AF}"
EndProject
Project("{FAE04EC0-301F-11D3-BF4B-00C04F79EFBC}") = "OrderApi.Infrastructure", "OrderApi.Infrastructure\OrderApi.Infrastructure.csproj", "{5CF4B43B-E95E-4C36-8F5C-AFAF197FEB5E}"
EndProject
Project("{FAE04EC0-301F-11D3-BF4B-00C04F79EFBC}") = "OrderApi.Presentation", "OrderApi.Presentation\OrderApi.Presentation.csproj", "{00F462FB-80F8-46A6-8925-B01C807D8A49}"
EndProject
Project("{FAE04EC0-301F-11D3-BF4B-00C04F79EFBC}") = "ECommerce.SharedLibrary", "..\DemoECommerce.SharedLibrarySolution\ECommerce.SharedLibrary\ECommerce.SharedLibrary.csproj", "{3E125F59-0B74-41FD-8C0F-D0D249B6597D}"
EndProject
Global
	GlobalSection(SolutionConfigurationPlatforms) = preSolution
		Debug|Any CPU = Debug|Any CPU
		Release|Any CPU = Release|Any CPU
	EndGlobalSection
	GlobalSection(ProjectConfigurationPlatforms) = postSolution
		{26ED683D-B892-437F-93AB-C3D7D71D9388}.Debug|Any CPU.ActiveCfg = Debug|Any CPU
		{26ED683D-B892-437F-93AB-C3D7D71D9388}.Debug|Any CPU.Build.0 = Debug|Any CPU
		{26ED683D-B892-437F-93AB-C3D7D71D9388}.Release|Any CPU.ActiveCfg = Release|Any CPU
		{26ED683D-B892-437F-93AB-C3D7D71D9388}.Release|Any CPU.Build.0 = Release|Any CPU
		{EFBBC1F3-C066-4AB1-A8AF-8BEA0659A2AF}.Debug|Any CPU.ActiveCfg = Debug|Any CPU
		{EFBBC1F3-C066-4AB1-A8AF-8BEA0659A2AF}.Debug|Any CPU.Build.0 = Debug|Any CPU
		{EFBBC1F3-C066-4AB1-A8AF-8BEA0659A2AF}.Release|Any CPU.ActiveCfg = Release|Any CPU
		{EFBBC1F3-C066-4AB1-A8AF-8BEA0659A2AF}.Release|Any CPU.Build.0 = Release|Any CPU
		{5CF4B43B-E95E-4C36-8F5C-AFAF197FEB5E}.Debug|Any CPU.ActiveCfg = Debug|Any CPU
		{5CF4B43B-E95E-4C36-8F5C-AFAF197FEB5E}.Debug|Any CPU.Build.0 = Debug|Any CPU
		{5CF4B43B-E95E-4C36-8F5C-AFAF197FEB5E}.Release|Any CPU.ActiveCfg = Release|Any CPU
		{5CF4B43B-E95E-4C36-8F5C-AFAF197FEB5E}.Release|Any CPU.Build.0 = Release|Any CPU
		{00F462FB-80F8-46A6-8925-B01C807D8A49}.Debug|Any CPU.ActiveCfg = Debug|Any CPU
		{00F462FB-80F8-46A6-8925-B01C807D8A49}.Debug|Any CPU.Build.0 = Debug|Any CPU
		{00F462FB-80F8-46A6-8925-B01C807D8A49}.Release|Any CPU.ActiveCfg = Release|Any CPU
		{00F462FB-80F8-46A6-8925-B01C807D8A49}.Release|Any CPU.Build.0 = Release|Any CPU
		{3E125F59-0B74-41FD-8C0F-D0D249B6597D}.Debug|Any CPU.ActiveCfg = Debug|Any CPU
		{3E125F59-0B74-41FD-8C0F-D0D249B6597D}.Debug|Any CPU.Build.0 = Debug|Any CPU
		{3E125F59-0B74-41FD-8C0F-D0D249B6597D}.Release|Any CPU.ActiveCfg = Release|Any CPU
		{3E125F59-0B74-41FD-8C0F-D0D249B6597D}.Release|Any CPU.Build.0 = Release|Any CPU
	EndGlobalSection
	GlobalSection(SolutionProperties) = preSolution
		HideSolutionNode = FALSE
	EndGlobalSection
EndGlobal
